{
  "name": "server-backend",
  "version": "1.0.0",
  "lockfileVersion": 3,
  "requires": true,
  "packages": {
    "": {
      "name": "server-backend",
      "version": "1.0.0",
      "license": "ISC",
      "dependencies": {
        "hono": "^4.8.9"
      }
    },
    "node_modules/hono": {
      "version": "4.8.9",
      "resolved": "https://registry.npmjs.org/hono/-/hono-4.8.9.tgz",
      "integrity": "sha512-ERIxkXMRhUxGV7nS/Af52+j2KL60B1eg+k6cPtgzrGughS+espS9KQ7QO0SMnevtmRlBfAcN0mf1jKtO6j/doA==",
      "license": "MIT",
      "engines": {
        "node": ">=16.9.0"
      }
    }
  }
}
